{
  "name": "beepboxplugins",
  "version": "1.0.0",
  "lockfileVersion": 3,
  "requires": true,
  "packages": {
    "": {
      "name": "beepboxplugins",
      "version": "1.0.0",
      "license": "MIT",
      "dependencies": {
        "beepboxplugin": "^0.2.1"
      },
      "devDependencies": {
        "typescript": "^5.8.3"
      }
    },
    "node_modules/beepboxplugin": {
      "version": "0.2.4",
      "resolved": "https://registry.npmjs.org/beepboxplugin/-/beepboxplugin-0.2.4.tgz",
      "integrity": "sha512-EjzWmv1PrlngULIBVIUZyoD6E2O11kaa9QAFTo2IGqCw+oRDhMuYQpNfCJqz71ULT2qp5EEV/zVbngqQFfPXSA==",
      "license": "ISC"
    },
    "node_modules/typescript": {
      "version": "5.9.3",
      "resolved": "https://registry.npmjs.org/typescript/-/typescript-5.9.3.tgz",
      "integrity": "sha512-jl1vZzPDinLr9eUt3J/t7V6FgNEw9QjvBPdysz9KfQDD41fQrC2Y4vKQdiaUpFT4bXlb1RHhLpp8wtm6M5TgSw==",
      "dev": true,
      "license": "Apache-2.0",
      "bin": {
        "tsc": "bin/tsc",
        "tsserver": "bin/tsserver"
      },
      "engines": {
        "node": ">=14.17"
      }
    }
  }
}
